// !$*UTF8*$!
{
	archiveVersion = 1;
	classes = {
	};
	objectVersion = 50;
	objects = {

/* Begin PBXBuildFile section */
		38549E1427306ED10054E422 /* CircleImage.swift in Sources */ = {isa = PBXBuildFile; fileRef = 38549E1327306ED10054E422 /* CircleImage.swift */; };
		38AFEF6F27303F1F007B7C7B /* LandmarkApp.swift in Sources */ = {isa = PBXBuildFile; fileRef = 38AFEF6E27303F1F007B7C7B /* LandmarkApp.swift */; };
		38AFEF7127303F1F007B7C7B /* ContentView.swift in Sources */ = {isa = PBXBuildFile; fileRef = 38AFEF7027303F1F007B7C7B /* ContentView.swift */; };
		38AFEF7327303F2B007B7C7B /* Assets.xcassets in Resources */ = {isa = PBXBuildFile; fileRef = 38AFEF7227303F2B007B7C7B /* Assets.xcassets */; };
		38AFEF7627303F2B007B7C7B /* Preview Assets.xcassets in Resources */ = {isa = PBXBuildFile; fileRef = 38AFEF7527303F2B007B7C7B /* Preview Assets.xcassets */; };
		38AFEF8127303F2B007B7C7B /* LandmarkTests.swift in Sources */ = {isa = PBXBuildFile; fileRef = 38AFEF8027303F2B007B7C7B /* LandmarkTests.swift */; };
		38AFEF8C27303F2B007B7C7B /* LandmarkUITests.swift in Sources */ = {isa = PBXBuildFile; fileRef = 38AFEF8B27303F2B007B7C7B /* LandmarkUITests.swift */; };
		38F120092731213000A063C8 /* MapView.swift in Sources */ = {isa = PBXBuildFile; fileRef = 38F120082731213000A063C8 /* MapView.swift */; };
/* End PBXBuildFile section */

/* Begin PBXContainerItemProxy section */
		38AFEF7D27303F2B007B7C7B /* PBXContainerItemProxy */ = {
			isa = PBXContainerItemProxy;
			containerPortal = 38AFEF6327303F1F007B7C7B /* Project object */;
			proxyType = 1;
			remoteGlobalIDString = 38AFEF6A27303F1F007B7C7B;
			remoteInfo = Landmark;
		};
		38AFEF8827303F2B007B7C7B /* PBXContainerItemProxy */ = {
			isa = PBXContainerItemProxy;
			containerPortal = 38AFEF6327303F1F007B7C7B /* Project object */;
			proxyType = 1;
			remoteGlobalIDString = 38AFEF6A27303F1F007B7C7B;
			remoteInfo = Landmark;
		};
/* End PBXContainerItemProxy section */

/* Begin PBXFileReference section */
		38549E1327306ED10054E422 /* CircleImage.swift */ = {isa = PBXFileReference; lastKnownFileType = sourcecode.swift; path = CircleImage.swift; sourceTree = "<group>"; };
		38AFEF6B27303F1F007B7C7B /* Landmark.app */ = {isa = PBXFileReference; explicitFileType = wrapper.application; includeInIndex = 0; path = Landmark.app; sourceTree = BUILT_PRODUCTS_DIR; };
		38AFEF6E27303F1F007B7C7B /* LandmarkApp.swift */ = {isa = PBXFileReference; lastKnownFileType = sourcecode.swift; path = LandmarkApp.swift; sourceTree = "<group>"; };
		38AFEF7027303F1F007B7C7B /* ContentView.swift */ = {isa = PBXFileReference; lastKnownFileType = sourcecode.swift; path = ContentView.swift; sourceTree = "<group>"; };
		38AFEF7227303F2B007B7C7B /* Assets.xcassets */ = {isa = PBXFileReference; lastKnownFileType = folder.assetcatalog; path = Assets.xcassets; sourceTree = "<group>"; };
		38AFEF7527303F2B007B7C7B /* Preview Assets.xcassets */ = {isa = PBXFileReference; lastKnownFileType = folder.assetcatalog; path = "Preview Assets.xcassets"; sourceTree = "<group>"; };
		38AFEF7727303F2B007B7C7B /* Info.plist */ = {isa = PBXFileReference; lastKnownFileType = text.plist.xml; path = Info.plist; sourceTree = "<group>"; };
		38AFEF7C27303F2B007B7C7B /* LandmarkTests.xctest */ = {isa = PBXFileReference; explicitFileType = wrapper.cfbundle; includeInIndex = 0; path = LandmarkTests.xctest; sourceTree = BUILT_PRODUCTS_DIR; };
		38AFEF8027303F2B007B7C7B /* LandmarkTests.swift */ = {isa = PBXFileReference; lastKnownFileType = sourcecode.swift; path = LandmarkTests.swift; sourceTree = "<group>"; };
		38AFEF8227303F2B007B7C7B /* Info.plist */ = {isa = PBXFileReference; lastKnownFileType = text.plist.xml; path = Info.plist; sourceTree = "<group>"; };
		38AFEF8727303F2B007B7C7B /* LandmarkUITests.xctest */ = {isa = PBXFileReference; explicitFileType = wrapper.cfbundle; includeInIndex = 0; path = LandmarkUITests.xctest; sourceTree = BUILT_PRODUCTS_DIR; };
		38AFEF8B27303F2B007B7C7B /* LandmarkUITests.swift */ = {isa = PBXFileReference; lastKnownFileType = sourcecode.swift; path = LandmarkUITests.swift; sourceTree = "<group>"; };
		38AFEF8D27303F2B007B7C7B /* Info.plist */ = {isa = PBXFileReference; lastKnownFileType = text.plist.xml; path = Info.plist; sourceTree = "<group>"; };
		38F120082731213000A063C8 /* MapView.swift */ = {isa = PBXFileReference; lastKnownFileType = sourcecode.swift; path = MapView.swift; sourceTree = "<group>"; };
/* End PBXFileReference section */

/* Begin PBXFrameworksBuildPhase section */
		38AFEF6827303F1F007B7C7B /* Frameworks */ = {
			isa = PBXFrameworksBuildPhase;
			buildActionMask = 2147483647;
			files = (
			);
			runOnlyForDeploymentPostprocessing = 0;
		};
		38AFEF7927303F2B007B7C7B /* Frameworks */ = {
			isa = PBXFrameworksBuildPhase;
			buildActionMask = 2147483647;
			files = (
			);
			runOnlyForDeploymentPostprocessing = 0;
		};
		38AFEF8427303F2B007B7C7B /* Frameworks */ = {
			isa = PBXFrameworksBuildPhase;
			buildActionMask = 2147483647;
			files = (
			);
			runOnlyForDeploymentPostprocessing = 0;
		};
/* End PBXFrameworksBuildPhase section */

/* Begin PBXGroup section */
		38AFEF6227303F1F007B7C7B = {
			isa = PBXGroup;
			children = (
				38AFEF6D27303F1F007B7C7B /* Landmark */,
				38AFEF7F27303F2B007B7C7B /* LandmarkTests */,
				38AFEF8A27303F2B007B7C7B /* LandmarkUITests */,
				38AFEF6C27303F1F007B7C7B /* Products */,
			);
			sourceTree = "<group>";
		};
		38AFEF6C27303F1F007B7C7B /* Products */ = {
			isa = PBXGroup;
			children = (
				38AFEF6B27303F1F007B7C7B /* Landmark.app */,
				38AFEF7C27303F2B007B7C7B /* LandmarkTests.xctest */,
				38AFEF8727303F2B007B7C7B /* LandmarkUITests.xctest */,
			);
			name = Products;
			sourceTree = "<group>";
		};
		38AFEF6D27303F1F007B7C7B /* Landmark */ = {
			isa = PBXGroup;
			children = (
				38AFEF6E27303F1F007B7C7B /* LandmarkApp.swift */,
				38AFEF7027303F1F007B7C7B /* ContentView.swift */,
				38AFEF7227303F2B007B7C7B /* Assets.xcassets */,
				38549E1327306ED10054E422 /* CircleImage.swift */,
				38AFEF7727303F2B007B7C7B /* Info.plist */,
				38AFEF7427303F2B007B7C7B /* Preview Content */,
				38F120082731213000A063C8 /* MapView.swift */,
			);
			path = Landmark;
			sourceTree = "<group>";
		};
		38AFEF7427303F2B007B7C7B /* Preview Content */ = {
			isa = PBXGroup;
			children = (
				38AFEF7527303F2B007B7C7B /* Preview Assets.xcassets */,
			);
			path = "Preview Content";
			sourceTree = "<group>";
		};
		38AFEF7F27303F2B007B7C7B /* LandmarkTests */ = {
			isa = PBXGroup;
			children = (
				38AFEF8027303F2B007B7C7B /* LandmarkTests.swift */,
				38AFEF8227303F2B007B7C7B /* Info.plist */,
			);
			path = LandmarkTests;
			sourceTree = "<group>";
		};
		38AFEF8A27303F2B007B7C7B /* LandmarkUITests */ = {
			isa = PBXGroup;
			children = (
				38AFEF8B27303F2B007B7C7B /* LandmarkUITests.swift */,
				38AFEF8D27303F2B007B7C7B /* Info.plist */,
			);
			path = LandmarkUITests;
			sourceTree = "<group>";
		};
/* End PBXGroup section */

/* Begin PBXNativeTarget section */
		38AFEF6A27303F1F007B7C7B /* Landmark */ = {
			isa = PBXNativeTarget;
			buildConfigurationList = 38AFEF9027303F2B007B7C7B /* Build configuration list for PBXNativeTarget "Landmark" */;
			buildPhases = (
				38AFEF6727303F1F007B7C7B /* Sources */,
				38AFEF6827303F1F007B7C7B /* Frameworks */,
				38AFEF6927303F1F007B7C7B /* Resources */,
			);
			buildRules = (
			);
			dependencies = (
			);
			name = Landmark;
			productName = Landmark;
			productReference = 38AFEF6B27303F1F007B7C7B /* Landmark.app */;
			productType = "com.apple.product-type.application";
		};
		38AFEF7B27303F2B007B7C7B /* LandmarkTests */ = {
			isa = PBXNativeTarget;
			buildConfigurationList = 38AFEF9327303F2B007B7C7B /* Build configuration list for PBXNativeTarget "LandmarkTests" */;
			buildPhases = (
				38AFEF7827303F2B007B7C7B /* Sources */,
				38AFEF7927303F2B007B7C7B /* Frameworks */,
				38AFEF7A27303F2B007B7C7B /* Resources */,
			);
			buildRules = (
			);
			dependencies = (
				38AFEF7E27303F2B007B7C7B /* PBXTargetDependency */,
			);
			name = LandmarkTests;
			productName = LandmarkTests;
			productReference = 38AFEF7C27303F2B007B7C7B /* LandmarkTests.xctest */;
			productType = "com.apple.product-type.bundle.unit-test";
		};
		38AFEF8627303F2B007B7C7B /* LandmarkUITests */ = {
			isa = PBXNativeTarget;
			buildConfigurationList = 38AFEF9627303F2B007B7C7B /* Build configuration list for PBXNativeTarget "LandmarkUITests" */;
			buildPhases = (
				38AFEF8327303F2B007B7C7B /* Sources */,
				38AFEF8427303F2B007B7C7B /* Frameworks */,
				38AFEF8527303F2B007B7C7B /* Resources */,
			);
			buildRules = (
			);
			dependencies = (
				38AFEF8927303F2B007B7C7B /* PBXTargetDependency */,
			);
			name = LandmarkUITests;
			productName = LandmarkUITests;
			productReference = 38AFEF8727303F2B007B7C7B /* LandmarkUITests.xctest */;
			productType = "com.apple.product-type.bundle.ui-testing";
		};
/* End PBXNativeTarget section */

/* Begin PBXProject section */
		38AFEF6327303F1F007B7C7B /* Project object */ = {
			isa = PBXProject;
			attributes = {
				LastSwiftUpdateCheck = 1240;
				LastUpgradeCheck = 1240;
				TargetAttributes = {
					38AFEF6A27303F1F007B7C7B = {
						CreatedOnToolsVersion = 12.4;
					};
					38AFEF7B27303F2B007B7C7B = {
						CreatedOnToolsVersion = 12.4;
						TestTargetID = 38AFEF6A27303F1F007B7C7B;
					};
					38AFEF8627303F2B007B7C7B = {
						CreatedOnToolsVersion = 12.4;
						TestTargetID = 38AFEF6A27303F1F007B7C7B;
					};
				};
			};
			buildConfigurationList = 38AFEF6627303F1F007B7C7B /* Build configuration list for PBXProject "Landmark" */;
			compatibilityVersion = "Xcode 9.3";
			developmentRegion = en;
			hasScannedForEncodings = 0;
			knownRegions = (
				en,
				Base,
			);
			mainGroup = 38AFEF6227303F1F007B7C7B;
			productRefGroup = 38AFEF6C27303F1F007B7C7B /* Products */;
			projectDirPath = "";
			projectRoot = "";
			targets = (
				38AFEF6A27303F1F007B7C7B /* Landmark */,
				38AFEF7B27303F2B007B7C7B /* LandmarkTests */,
				38AFEF8627303F2B007B7C7B /* LandmarkUITests */,
			);
		};
/* End PBXProject section */

/* Begin PBXResourcesBuildPhase section */
		38AFEF6927303F1F007B7C7B /* Resources */ = {
			isa = PBXResourcesBuildPhase;
			buildActionMask = 2147483647;
			files = (
				38AFEF7627303F2B007B7C7B /* Preview Assets.xcassets in Resources */,
				38AFEF7327303F2B007B7C7B /* Assets.xcassets in Resources */,
			);
			runOnlyForDeploymentPostprocessing = 0;
		};
		38AFEF7A27303F2B007B7C7B /* Resources */ = {
			isa = PBXResourcesBuildPhase;
			buildActionMask = 2147483647;
			files = (
			);
			runOnlyForDeploymentPostprocessing = 0;
		};
		38AFEF8527303F2B007B7C7B /* Resources */ = {
			isa = PBXResourcesBuildPhase;
			buildActionMask = 2147483647;
			files = (
			);
			runOnlyForDeploymentPostprocessing = 0;
		};
/* End PBXResourcesBuildPhase section */

/* Begin PBXSourcesBuildPhase section */
		38AFEF6727303F1F007B7C7B /* Sources */ = {
			isa = PBXSourcesBuildPhase;
			buildActionMask = 2147483647;
			files = (
				38AFEF7127303F1F007B7C7B /* ContentView.swift in Sources */,
				38F120092731213000A063C8 /* MapView.swift in Sources */,
				38AFEF6F27303F1F007B7C7B /* LandmarkApp.swift in Sources */,
				38549E1427306ED10054E422 /* CircleImage.swift in Sources */,
			);
			runOnlyForDeploymentPostprocessing = 0;
		};
		38AFEF7827303F2B007B7C7B /* Sources */ = {
			isa = PBXSourcesBuildPhase;
			buildActionMask = 2147483647;
			files = (
				38AFEF8127303F2B007B7C7B /* LandmarkTests.swift in Sources */,
			);
			runOnlyForDeploymentPostprocessing = 0;
		};
		38AFEF8327303F2B007B7C7B /* Sources */ = {
			isa = PBXSourcesBuildPhase;
			buildActionMask = 2147483647;
			files = (
				38AFEF8C27303F2B007B7C7B /* LandmarkUITests.swift in Sources */,
			);
			runOnlyForDeploymentPostprocessing = 0;
		};
/* End PBXSourcesBuildPhase section */

/* Begin PBXTargetDependency section */
		38AFEF7E27303F2B007B7C7B /* PBXTargetDependency */ = {
			isa = PBXTargetDependency;
			target = 38AFEF6A27303F1F007B7C7B /* Landmark */;
			targetProxy = 38AFEF7D27303F2B007B7C7B /* PBXContainerItemProxy */;
		};
		38AFEF8927303F2B007B7C7B /* PBXTargetDependency */ = {
			isa = PBXTargetDependency;
			target = 38AFEF6A27303F1F007B7C7B /* Landmark */;
			targetProxy = 38AFEF8827303F2B007B7C7B /* PBXContainerItemProxy */;
		};
/* End PBXTargetDependency section */

/* Begin XCBuildConfiguration section */
		38AFEF8E27303F2B007B7C7B /* Debug */ = {
			isa = XCBuildConfiguration;
			buildSettings = {
				ALWAYS_SEARCH_USER_PATHS = NO;
				CLANG_ANALYZER_NONNULL = YES;
				CLANG_ANALYZER_NUMBER_OBJECT_CONVERSION = YES_AGGRESSIVE;
				CLANG_CXX_LANGUAGE_STANDARD = "gnu++14";
				CLANG_CXX_LIBRARY = "libc++";
				CLANG_ENABLE_MODULES = YES;
				CLANG_ENABLE_OBJC_ARC = YES;
				CLANG_ENABLE_OBJC_WEAK = YES;
				CLANG_WARN_BLOCK_CAPTURE_AUTORELEASING = YES;
				CLANG_WARN_BOOL_CONVERSION = YES;
				CLANG_WARN_COMMA = YES;
				CLANG_WARN_CONSTANT_CONVERSION = YES;
				CLANG_WARN_DEPRECATED_OBJC_IMPLEMENTATIONS = YES;
				CLANG_WARN_DIRECT_OBJC_ISA_USAGE = YES_ERROR;
				CLANG_WARN_DOCUMENTATION_COMMENTS = YES;
				CLANG_WARN_EMPTY_BODY = YES;
				CLANG_WARN_ENUM_CONVERSION = YES;
				CLANG_WARN_INFINITE_RECURSION = YES;
				CLANG_WARN_INT_CONVERSION = YES;
				CLANG_WARN_NON_LITERAL_NULL_CONVERSION = YES;
				CLANG_WARN_OBJC_IMPLICIT_RETAIN_SELF = YES;
				CLANG_WARN_OBJC_LITERAL_CONVERSION = YES;
				CLANG_WARN_OBJC_ROOT_CLASS = YES_ERROR;
				CLANG_WARN_QUOTED_INCLUDE_IN_FRAMEWORK_HEADER = YES;
				CLANG_WARN_RANGE_LOOP_ANALYSIS = YES;
				CLANG_WARN_STRICT_PROTOTYPES = YES;
				CLANG_WARN_SUSPICIOUS_MOVE = YES;
				CLANG_WARN_UNGUARDED_AVAILABILITY = YES_AGGRESSIVE;
				CLANG_WARN_UNREACHABLE_CODE = YES;
				CLANG_WARN__DUPLICATE_METHOD_MATCH = YES;
				COPY_PHASE_STRIP = NO;
				DEBUG_INFORMATION_FORMAT = dwarf;
				ENABLE_STRICT_OBJC_MSGSEND = YES;
				ENABLE_TESTABILITY = YES;
				GCC_C_LANGUAGE_STANDARD = gnu11;
				GCC_DYNAMIC_NO_PIC = NO;
				GCC_NO_COMMON_BLOCKS = YES;
				GCC_OPTIMIZATION_LEVEL = 0;
				GCC_PREPROCESSOR_DEFINITIONS = (
					"DEBUG=1",
					"$(inherited)",
				);
				GCC_WARN_64_TO_32_BIT_CONVERSION = YES;
				GCC_WARN_ABOUT_RETURN_TYPE = YES_ERROR;
				GCC_WARN_UNDECLARED_SELECTOR = YES;
				GCC_WARN_UNINITIALIZED_AUTOS = YES_AGGRESSIVE;
				GCC_WARN_UNUSED_FUNCTION = YES;
				GCC_WARN_UNUSED_VARIABLE = YES;
				IPHONEOS_DEPLOYMENT_TARGET = 14.4;
				MTL_ENABLE_DEBUG_INFO = INCLUDE_SOURCE;
				MTL_FAST_MATH = YES;
				ONLY_ACTIVE_ARCH = YES;
				SDKROOT = iphoneos;
				SWIFT_ACTIVE_COMPILATION_CONDITIONS = DEBUG;
				SWIFT_OPTIMIZATION_LEVEL = "-Onone";
			};
			name = Debug;
		};
		38AFEF8F27303F2B007B7C7B /* Release */ = {
			isa = XCBuildConfiguration;
			buildSettings = {
				ALWAYS_SEARCH_USER_PATHS = NO;
				CLANG_ANALYZER_NONNULL = YES;
				CLANG_ANALYZER_NUMBER_OBJECT_CONVERSION = YES_AGGRESSIVE;
				CLANG_CXX_LANGUAGE_STANDARD = "gnu++14";
				CLANG_CXX_LIBRARY = "libc++";
				CLANG_ENABLE_MODULES = YES;
				CLANG_ENABLE_OBJC_ARC = YES;
				CLANG_ENABLE_OBJC_WEAK = YES;
				CLANG_WARN_BLOCK_CAPTURE_AUTORELEASING = YES;
				CLANG_WARN_BOOL_CONVERSION = YES;
				CLANG_WARN_COMMA = YES;
				CLANG_WARN_CONSTANT_CONVERSION = YES;
				CLANG_WARN_DEPRECATED_OBJC_IMPLEMENTATIONS = YES;
				CLANG_WARN_DIRECT_OBJC_ISA_USAGE = YES_ERROR;
				CLANG_WARN_DOCUMENTATION_COMMENTS = YES;
				CLANG_WARN_EMPTY_BODY = YES;
				CLANG_WARN_ENUM_CONVERSION = YES;
				CLANG_WARN_INFINITE_RECURSION = YES;
				CLANG_WARN_INT_CONVERSION = YES;
				CLANG_WARN_NON_LITERAL_NULL_CONVERSION = YES;
				CLANG_WARN_OBJC_IMPLICIT_RETAIN_SELF = YES;
				CLANG_WARN_OBJC_LITERAL_CONVERSION = YES;
				CLANG_WARN_OBJC_ROOT_CLASS = YES_ERROR;
				CLANG_WARN_QUOTED_INCLUDE_IN_FRAMEWORK_HEADER = YES;
				CLANG_WARN_RANGE_LOOP_ANALYSIS = YES;
				CLANG_WARN_STRICT_PROTOTYPES = YES;
				CLANG_WARN_SUSPICIOUS_MOVE = YES;
				CLANG_WARN_UNGUARDED_AVAILABILITY = YES_AGGRESSIVE;
				CLANG_WARN_UNREACHABLE_CODE = YES;
				CLANG_WARN__DUPLICATE_METHOD_MATCH = YES;
				COPY_PHASE_STRIP = NO;
				DEBUG_INFORMATION_FORMAT = "dwarf-with-dsym";
				ENABLE_NS_ASSERTIONS = NO;
				ENABLE_STRICT_OBJC_MSGSEND = YES;
				GCC_C_LANGUAGE_STANDARD = gnu11;
				GCC_NO_COMMON_BLOCKS = YES;
				GCC_WARN_64_TO_32_BIT_CONVERSION = YES;
				GCC_WARN_ABOUT_RETURN_TYPE = YES_ERROR;
				GCC_WARN_UNDECLARED_SELECTOR = YES;
				GCC_WARN_UNINITIALIZED_AUTOS = YES_AGGRESSIVE;
				GCC_WARN_UNUSED_FUNCTION = YES;
				GCC_WARN_UNUSED_VARIABLE = YES;
				IPHONEOS_DEPLOYMENT_TARGET = 14.4;
				MTL_ENABLE_DEBUG_INFO = NO;
				MTL_FAST_MATH = YES;
				SDKROOT = iphoneos;
				SWIFT_COMPILATION_MODE = wholemodule;
				SWIFT_OPTIMIZATION_LEVEL = "-O";
				VALIDATE_PRODUCT = YES;
			};
			name = Release;
		};
		38AFEF9127303F2B007B7C7B /* Debug */ = {
			isa = XCBuildConfiguration;
			buildSettings = {
				ASSETCATALOG_COMPILER_APPICON_NAME = AppIcon;
				ASSETCATALOG_COMPILER_GLOBAL_ACCENT_COLOR_NAME = AccentColor;
				CODE_SIGN_STYLE = Automatic;
				DEVELOPMENT_ASSET_PATHS = "\"Landmark/Preview Content\"";
				DEVELOPMENT_TEAM = H599H4L79L;
				ENABLE_PREVIEWS = YES;
				INFOPLIST_FILE = Landmark/Info.plist;
				IPHONEOS_DEPLOYMENT_TARGET = 14.0;
				LD_RUNPATH_SEARCH_PATHS = (
					"$(inherited)",
					"@executable_path/Frameworks",
				);
				PRODUCT_BUNDLE_IDENTIFIER = JK.Landmark;
				PRODUCT_NAME = "$(TARGET_NAME)";
				SWIFT_VERSION = 5.0;
				TARGETED_DEVICE_FAMILY = "1,2";
			};
			name = Debug;
		};
		38AFEF9227303F2B007B7C7B /* Release */ = {
			isa = XCBuildConfiguration;
			buildSettings = {
				ASSETCATALOG_COMPILER_APPICON_NAME = AppIcon;
				ASSETCATALOG_COMPILER_GLOBAL_ACCENT_COLOR_NAME = AccentColor;
				CODE_SIGN_STYLE = Automatic;
				DEVELOPMENT_ASSET_PATHS = "\"Landmark/Preview Content\"";
				DEVELOPMENT_TEAM = H599H4L79L;
				ENABLE_PREVIEWS = YES;
				INFOPLIST_FILE = Landmark/Info.plist;
				IPHONEOS_DEPLOYMENT_TARGET = 14.0;
				LD_RUNPATH_SEARCH_PATHS = (
					"$(inherited)",
					"@executable_path/Frameworks",
				);
				PRODUCT_BUNDLE_IDENTIFIER = JK.Landmark;
				PRODUCT_NAME = "$(TARGET_NAME)";
				SWIFT_VERSION = 5.0;
				TARGETED_DEVICE_FAMILY = "1,2";
			};
			name = Release;
		};
		38AFEF9427303F2B007B7C7B /* Debug */ = {
			isa = XCBuildConfiguration;
			buildSettings = {
				ALWAYS_EMBED_SWIFT_STANDARD_LIBRARIES = YES;
				BUNDLE_LOADER = "$(TEST_HOST)";
				CODE_SIGN_STYLE = Automatic;
				DEVELOPMENT_TEAM = H599H4L79L;
				INFOPLIST_FILE = LandmarkTests/Info.plist;
				IPHONEOS_DEPLOYMENT_TARGET = 14.0;
				LD_RUNPATH_SEARCH_PATHS = (
					"$(inherited)",
					"@executable_path/Frameworks",
					"@loader_path/Frameworks",
				);
				PRODUCT_BUNDLE_IDENTIFIER = JK.LandmarkTests;
				PRODUCT_NAME = "$(TARGET_NAME)";
				SWIFT_VERSION = 5.0;
				TARGETED_DEVICE_FAMILY = "1,2";
				TEST_HOST = "$(BUILT_PRODUCTS_DIR)/Landmark.app/Landmark";
			};
			name = Debug;
		};
		38AFEF9527303F2B007B7C7B /* Release */ = {
			isa = XCBuildConfiguration;
			buildSettings = {
				ALWAYS_EMBED_SWIFT_STANDARD_LIBRARIES = YES;
				BUNDLE_LOADER = "$(TEST_HOST)";
				CODE_SIGN_STYLE = Automatic;
				DEVELOPMENT_TEAM = H599H4L79L;
				INFOPLIST_FILE = LandmarkTests/Info.plist;
				IPHONEOS_DEPLOYMENT_TARGET = 14.0;
				LD_RUNPATH_SEARCH_PATHS = (
					"$(inherited)",
					"@executable_path/Frameworks",
					"@loader_path/Frameworks",
				);
				PRODUCT_BUNDLE_IDENTIFIER = JK.LandmarkTests;
				PRODUCT_NAME = "$(TARGET_NAME)";
				SWIFT_VERSION = 5.0;
				TARGETED_DEVICE_FAMILY = "1,2";
				TEST_HOST = "$(BUILT_PRODUCTS_DIR)/Landmark.app/Landmark";
			};
			name = Release;
		};
		38AFEF9727303F2B007B7C7B /* Debug */ = {
			isa = XCBuildConfiguration;
			buildSettings = {
				ALWAYS_EMBED_SWIFT_STANDARD_LIBRARIES = YES;
				CODE_SIGN_STYLE = Automatic;
				DEVELOPMENT_TEAM = H599H4L79L;
				INFOPLIST_FILE = LandmarkUITests/Info.plist;
				LD_RUNPATH_SEARCH_PATHS = (
					"$(inherited)",
					"@executable_path/Frameworks",
					"@loader_path/Frameworks",
				);
				PRODUCT_BUNDLE_IDENTIFIER = JK.LandmarkUITests;
				PRODUCT_NAME = "$(TARGET_NAME)";
				SWIFT_VERSION = 5.0;
				TARGETED_DEVICE_FAMILY = "1,2";
				TEST_TARGET_NAME = Landmark;
			};
			name = Debug;
		};
		38AFEF9827303F2B007B7C7B /* Release */ = {
			isa = XCBuildConfiguration;
			buildSettings = {
				ALWAYS_EMBED_SWIFT_STANDARD_LIBRARIES = YES;
				CODE_SIGN_STYLE = Automatic;
				DEVELOPMENT_TEAM = H599H4L79L;
				INFOPLIST_FILE = LandmarkUITests/Info.plist;
				LD_RUNPATH_SEARCH_PATHS = (
					"$(inherited)",
					"@executable_path/Frameworks",
					"@loader_path/Frameworks",
				);
				PRODUCT_BUNDLE_IDENTIFIER = JK.LandmarkUITests;
				PRODUCT_NAME = "$(TARGET_NAME)";
				SWIFT_VERSION = 5.0;
				TARGETED_DEVICE_FAMILY = "1,2";
				TEST_TARGET_NAME = Landmark;
			};
			name = Release;
		};
/* End XCBuildConfiguration section */

/* Begin XCConfigurationList section */
		38AFEF6627303F1F007B7C7B /* Build configuration list for PBXProject "Landmark" */ = {
			isa = XCConfigurationList;
			buildConfigurations = (
				38AFEF8E27303F2B007B7C7B /* Debug */,
				38AFEF8F27303F2B007B7C7B /* Release */,
			);
			defaultConfigurationIsVisible = 0;
			defaultConfigurationName = Release;
		};
		38AFEF9027303F2B007B7C7B /* Build configuration list for PBXNativeTarget "Landmark" */ = {
			isa = XCConfigurationList;
			buildConfigurations = (
				38AFEF9127303F2B007B7C7B /* Debug */,
				38AFEF9227303F2B007B7C7B /* Release */,
			);
			defaultConfigurationIsVisible = 0;
			defaultConfigurationName = Release;
		};
		38AFEF9327303F2B007B7C7B /* Build configuration list for PBXNativeTarget "LandmarkTests" */ = {
			isa = XCConfigurationList;
			buildConfigurations = (
				38AFEF9427303F2B007B7C7B /* Debug */,
				38AFEF9527303F2B007B7C7B /* Release */,
			);
			defaultConfigurationIsVisible = 0;
			defaultConfigurationName = Release;
		};
		38AFEF9627303F2B007B7C7B /* Build configuration list for PBXNativeTarget "LandmarkUITests" */ = {
			isa = XCConfigurationList;
			buildConfigurations = (
				38AFEF9727303F2B007B7C7B /* Debug */,
				38AFEF9827303F2B007B7C7B /* Release */,
			);
			defaultConfigurationIsVisible = 0;
			defaultConfigurationName = Release;
		};
/* End XCConfigurationList section */
	};
	rootObject = 38AFEF6327303F1F007B7C7B /* Project object */;
}
